
Microsoft Visual Studio Solution File, Format Version 12.00
# Visual Studio Version 17
VisualStudioVersion = 17.4.33213.308
MinimumVisualStudioVersion = 10.0.40219.1
Project("{9A19103F-16F7-4668-BE54-9A1E7A4F7556}") = "AP14 AKT - Webshop", "AP14 AKT - Webshop\AP14 AKT - Webshop.csproj", "{BE344AB5-BF5F-45E4-86C1-D6A0D081AC76}"
EndProject
Project("{9A19103F-16F7-4668-BE54-9A1E7A4F7556}") = "AP14 AKT - Backoffice", "AP14 AKT - Backoffice\AP14 AKT - Backoffice.csproj", "{49295049-9BFF-43BF-B5B6-A8D0AE2047DB}"
EndProject
Project("{9A19103F-16F7-4668-BE54-9A1E7A4F7556}") = "WebShopLib", "WebShopLib\WebShopLib.csproj", "{2B098973-FE4B-45FB-8625-3B675F27ED06}"
EndProject
Global
	GlobalSection(SolutionConfigurationPlatforms) = preSolution
		Debug|Any CPU = Debug|Any CPU
		Release|Any CPU = Release|Any CPU
	EndGlobalSection
	GlobalSection(ProjectConfigurationPlatforms) = postSolution
		{BE344AB5-BF5F-45E4-86C1-D6A0D081AC76}.Debug|Any CPU.ActiveCfg = Debug|Any CPU
		{BE344AB5-BF5F-45E4-86C1-D6A0D081AC76}.Debug|Any CPU.Build.0 = Debug|Any CPU
		{BE344AB5-BF5F-45E4-86C1-D6A0D081AC76}.Release|Any CPU.ActiveCfg = Release|Any CPU
		{BE344AB5-BF5F-45E4-86C1-D6A0D081AC76}.Release|Any CPU.Build.0 = Release|Any CPU
		{49295049-9BFF-43BF-B5B6-A8D0AE2047DB}.Debug|Any CPU.ActiveCfg = Debug|Any CPU
		{49295049-9BFF-43BF-B5B6-A8D0AE2047DB}.Debug|Any CPU.Build.0 = Debug|Any CPU
		{49295049-9BFF-43BF-B5B6-A8D0AE2047DB}.Release|Any CPU.ActiveCfg = Release|Any CPU
		{49295049-9BFF-43BF-B5B6-A8D0AE2047DB}.Release|Any CPU.Build.0 = Release|Any CPU
		{2B098973-FE4B-45FB-8625-3B675F27ED06}.Debug|Any CPU.ActiveCfg = Debug|Any CPU
		{2B098973-FE4B-45FB-8625-3B675F27ED06}.Debug|Any CPU.Build.0 = Debug|Any CPU
		{2B098973-FE4B-45FB-8625-3B675F27ED06}.Release|Any CPU.ActiveCfg = Release|Any CPU
		{2B098973-FE4B-45FB-8625-3B675F27ED06}.Release|Any CPU.Build.0 = Release|Any CPU
	EndGlobalSection
	GlobalSection(SolutionProperties) = preSolution
		HideSolutionNode = FALSE
	EndGlobalSection
	GlobalSection(ExtensibilityGlobals) = postSolution
		SolutionGuid = {828445B6-35EE-4A30-BF8E-6025A4A6BF1A}
	EndGlobalSection
EndGlobal
